# CloseCrab base dependencies — EXACT-PINNED.
#
# Generated by scripts/lock-deps.sh from base.in on 2026-05-18.
# DO NOT edit by hand. To upgrade a dep:
#   1. Edit requirements/base.in
#   2. Run scripts/lock-deps.sh
#   3. Test deploy on cc-tw, then commit lock changes
#
# Why pin transitives: Shai-Hulud-class supply-chain attacks typically
# compromise a transitive dep (some small package deep in the tree), not
# the top-level libs you import. Pinning only top-level = false security.
# This lock captures the FULL closure at a known-good snapshot.

aiohappyeyeballs==2.6.1
aiohttp==3.13.5
aiosignal==1.4.0
annotated-doc==0.0.4
annotated-types==0.7.0
anyio==4.13.0
attrs==23.2.0
certifi==2023.11.17
click==8.1.6
colorama==0.4.6
cryptography==41.0.7
davey==0.1.5
dingtalk-stream==0.24.3
distro==1.9.0
fastapi==0.136.1
frozenlist==1.8.0
google-api-core==2.30.3
google-auth==2.50.0
google-cloud-core==2.5.1
google-cloud-firestore==2.27.0
google-cloud-speech==2.38.0
google-genai==1.75.0
googleapis-common-protos==1.74.0
grpcio==1.80.0
h11==0.16.0
httpcore==1.0.9
httpx==0.28.1
idna==3.6
jieba==0.42.1
lark-oapi==1.6.0
multidict==6.7.1
propcache==0.4.1
proto-plus==1.27.2
protobuf==6.33.6
py-cord==2.8.0
pyasn1-modules==0.2.8
pycryptodome==3.23.0
pydantic==2.13.3
pydantic-core==2.46.3
python-dotenv==1.2.2
requests==2.31.0
requests-toolbelt==1.0.0
sniffio==1.3.1
starlette==1.0.0
tenacity==9.1.4
typing-extensions==4.15.0
typing-inspection==0.4.2
uvicorn==0.46.0
websockets==13.1
yarl==1.23.0
