# CloseCrab voice dependencies — EXACT-PINNED.
# Generated by scripts/lock-deps.sh on 2026-09-13. DO NOT edit by hand.

aiofiles==25.1.0
av==17.0.1
docstring-parser==0.17.0
eval-type-backport==0.3.1
flatbuffers==25.12.19
importlib-metadata==8.7.1
jiter==0.14.0
json-repair==0.59.10
livekit==1.1.8
livekit-agents==1.5.16
livekit-api==1.1.0
livekit-blingfire==1.1.0
livekit-plugins-silero==1.5.16
livekit-protocol==1.1.11
markdown-it-py==3.0.0
mdurl==0.1.2
nest-asyncio==1.6.0
numpy==2.4.6
onnxruntime==1.26.0
openai==2.40.0
opentelemetry-api==1.39.1
opentelemetry-exporter-otlp==1.39.1
opentelemetry-exporter-otlp-proto-common==1.39.1
opentelemetry-exporter-otlp-proto-grpc==1.39.1
opentelemetry-exporter-otlp-proto-http==1.39.1
opentelemetry-proto==1.39.1
opentelemetry-sdk==1.39.1
opentelemetry-semantic-conventions==0.60b1
packaging==24.0
prometheus-client==0.25.0
psutil==7.0.0
pygments==2.17.2
pyjwt==2.12.1
rich==15.0.0
shellingham==1.5.4
sounddevice==0.5.5
tqdm==4.67.1
typer==0.25.1
types-protobuf==7.34.1.20260518
watchfiles==1.2.0
zipp==4.1.0
